
Microsoft Visual Studio Solution File, Format Version 12.00
# Visual Studio Version 17
VisualStudioVersion = 17.5.33516.290
MinimumVisualStudioVersion = 10.0.40219.1
Project("{9A19103F-16F7-4668-BE54-9A1E7A4F7556}") = "fontsubset-gui", "fontsubset-gui\fontsubset-gui.csproj", "{9B446E1D-38D1-4EA0-A29B-5CFD8DF3D22C}"
EndProject
Project("{9A19103F-16F7-4668-BE54-9A1E7A4F7556}") = "sfntly", "sfntly\sfntly.csproj", "{8278D515-3E7C-4B4B-872A-117368B129A1}"
EndProject
Project("{9A19103F-16F7-4668-BE54-9A1E7A4F7556}") = "fontsubset-console", "fontsubset-console\fontsubset-console.csproj", "{6905D6EE-F61D-4DFB-9E5F-F00EF508ABB5}"
EndProject
Global
	GlobalSection(SolutionConfigurationPlatforms) = preSolution
		Debug|Any CPU = Debug|Any CPU
		Release|Any CPU = Release|Any CPU
	EndGlobalSection
	GlobalSection(ProjectConfigurationPlatforms) = postSolution
		{9B446E1D-38D1-4EA0-A29B-5CFD8DF3D22C}.Debug|Any CPU.ActiveCfg = Debug|Any CPU
		{9B446E1D-38D1-4EA0-A29B-5CFD8DF3D22C}.Debug|Any CPU.Build.0 = Debug|Any CPU
		{9B446E1D-38D1-4EA0-A29B-5CFD8DF3D22C}.Release|Any CPU.ActiveCfg = Release|Any CPU
		{9B446E1D-38D1-4EA0-A29B-5CFD8DF3D22C}.Release|Any CPU.Build.0 = Release|Any CPU
		{8278D515-3E7C-4B4B-872A-117368B129A1}.Debug|Any CPU.ActiveCfg = Debug|Any CPU
		{8278D515-3E7C-4B4B-872A-117368B129A1}.Debug|Any CPU.Build.0 = Debug|Any CPU
		{8278D515-3E7C-4B4B-872A-117368B129A1}.Release|Any CPU.ActiveCfg = Release|Any CPU
		{8278D515-3E7C-4B4B-872A-117368B129A1}.Release|Any CPU.Build.0 = Release|Any CPU
		{6905D6EE-F61D-4DFB-9E5F-F00EF508ABB5}.Debug|Any CPU.ActiveCfg = Debug|Any CPU
		{6905D6EE-F61D-4DFB-9E5F-F00EF508ABB5}.Debug|Any CPU.Build.0 = Debug|Any CPU
		{6905D6EE-F61D-4DFB-9E5F-F00EF508ABB5}.Release|Any CPU.ActiveCfg = Release|Any CPU
		{6905D6EE-F61D-4DFB-9E5F-F00EF508ABB5}.Release|Any CPU.Build.0 = Release|Any CPU
	EndGlobalSection
	GlobalSection(SolutionProperties) = preSolution
		HideSolutionNode = FALSE
	EndGlobalSection
	GlobalSection(ExtensibilityGlobals) = postSolution
		SolutionGuid = {9E2EBD41-55A2-4CAE-A5E0-D240817E56B4}
	EndGlobalSection
EndGlobal
